
Microsoft Visual Studio Solution File, Format Version 12.00
# Visual Studio Version 17
VisualStudioVersion = 17.9.34728.123
MinimumVisualStudioVersion = 10.0.40219.1
Project("{2150E333-8FDC-42A3-9474-1A3956D46DE8}") = "Core", "Core", "{D1911EE0-53FE-40E0-A621-DBF5A4968C7E}"
EndProject
Project("{9A19103F-16F7-4668-BE54-9A1E7A4F7556}") = "KovserHediyyeler.Domain", "Core\KovserHediyyeler.Domain\KovserHediyyeler.Domain.csproj", "{06F0E042-3597-470D-AD0D-7F9C008230F3}"
EndProject
Project("{9A19103F-16F7-4668-BE54-9A1E7A4F7556}") = "KovserHedieyyeler.Application", "Core\KovserHedieyyeler.Application\KovserHedieyyeler.Application.csproj", "{F15BC96C-46E4-419C-9B4A-3EA4EBAF76B5}"
EndProject
Project("{2150E333-8FDC-42A3-9474-1A3956D46DE8}") = "Infrastructure", "Infrastructure", "{71D2B6D9-6F63-4E71-BD57-B54F2F381F0F}"
EndProject
Project("{9A19103F-16F7-4668-BE54-9A1E7A4F7556}") = "KovserHediyyeler.Infrastructure", "Infrastructure\KovserHediyyeler.Infrastructure\KovserHediyyeler.Infrastructure.csproj", "{0B1A7C97-5422-4A69-82F0-C560026C76F5}"
EndProject
Project("{9A19103F-16F7-4668-BE54-9A1E7A4F7556}") = "KovserHediyyeler.Persistence", "Infrastructure\KovserHediyyeler.Persistence\KovserHediyyeler.Persistence.csproj", "{4D7F09FF-1BA5-4F08-8AB2-15732AB6717D}"
EndProject
Project("{2150E333-8FDC-42A3-9474-1A3956D46DE8}") = "Presentation", "Presentation", "{1C1C8A54-56A8-43EA-91BB-F60A859C1535}"
EndProject
Project("{9A19103F-16F7-4668-BE54-9A1E7A4F7556}") = "Kovser.Hediyyeler.App", "Presentation\Kovser.Hediyyeler.App\Kovser.Hediyyeler.App.csproj", "{C09D1ED0-61D0-4008-AB06-9B76EE721F98}"
EndProject
Global
	GlobalSection(SolutionConfigurationPlatforms) = preSolution
		Debug|Any CPU = Debug|Any CPU
		Release|Any CPU = Release|Any CPU
	EndGlobalSection
	GlobalSection(ProjectConfigurationPlatforms) = postSolution
		{06F0E042-3597-470D-AD0D-7F9C008230F3}.Debug|Any CPU.ActiveCfg = Debug|Any CPU
		{06F0E042-3597-470D-AD0D-7F9C008230F3}.Debug|Any CPU.Build.0 = Debug|Any CPU
		{06F0E042-3597-470D-AD0D-7F9C008230F3}.Release|Any CPU.ActiveCfg = Release|Any CPU
		{06F0E042-3597-470D-AD0D-7F9C008230F3}.Release|Any CPU.Build.0 = Release|Any CPU
		{F15BC96C-46E4-419C-9B4A-3EA4EBAF76B5}.Debug|Any CPU.ActiveCfg = Debug|Any CPU
		{F15BC96C-46E4-419C-9B4A-3EA4EBAF76B5}.Debug|Any CPU.Build.0 = Debug|Any CPU
		{F15BC96C-46E4-419C-9B4A-3EA4EBAF76B5}.Release|Any CPU.ActiveCfg = Release|Any CPU
		{F15BC96C-46E4-419C-9B4A-3EA4EBAF76B5}.Release|Any CPU.Build.0 = Release|Any CPU
		{0B1A7C97-5422-4A69-82F0-C560026C76F5}.Debug|Any CPU.ActiveCfg = Debug|Any CPU
		{0B1A7C97-5422-4A69-82F0-C560026C76F5}.Debug|Any CPU.Build.0 = Debug|Any CPU
		{0B1A7C97-5422-4A69-82F0-C560026C76F5}.Release|Any CPU.ActiveCfg = Release|Any CPU
		{0B1A7C97-5422-4A69-82F0-C560026C76F5}.Release|Any CPU.Build.0 = Release|Any CPU
		{4D7F09FF-1BA5-4F08-8AB2-15732AB6717D}.Debug|Any CPU.ActiveCfg = Debug|Any CPU
		{4D7F09FF-1BA5-4F08-8AB2-15732AB6717D}.Debug|Any CPU.Build.0 = Debug|Any CPU
		{4D7F09FF-1BA5-4F08-8AB2-15732AB6717D}.Release|Any CPU.ActiveCfg = Release|Any CPU
		{4D7F09FF-1BA5-4F08-8AB2-15732AB6717D}.Release|Any CPU.Build.0 = Release|Any CPU
		{C09D1ED0-61D0-4008-AB06-9B76EE721F98}.Debug|Any CPU.ActiveCfg = Debug|Any CPU
		{C09D1ED0-61D0-4008-AB06-9B76EE721F98}.Debug|Any CPU.Build.0 = Debug|Any CPU
		{C09D1ED0-61D0-4008-AB06-9B76EE721F98}.Release|Any CPU.ActiveCfg = Release|Any CPU
		{C09D1ED0-61D0-4008-AB06-9B76EE721F98}.Release|Any CPU.Build.0 = Release|Any CPU
	EndGlobalSection
	GlobalSection(SolutionProperties) = preSolution
		HideSolutionNode = FALSE
	EndGlobalSection
	GlobalSection(NestedProjects) = preSolution
		{06F0E042-3597-470D-AD0D-7F9C008230F3} = {D1911EE0-53FE-40E0-A621-DBF5A4968C7E}
		{F15BC96C-46E4-419C-9B4A-3EA4EBAF76B5} = {D1911EE0-53FE-40E0-A621-DBF5A4968C7E}
		{0B1A7C97-5422-4A69-82F0-C560026C76F5} = {71D2B6D9-6F63-4E71-BD57-B54F2F381F0F}
		{4D7F09FF-1BA5-4F08-8AB2-15732AB6717D} = {71D2B6D9-6F63-4E71-BD57-B54F2F381F0F}
		{C09D1ED0-61D0-4008-AB06-9B76EE721F98} = {1C1C8A54-56A8-43EA-91BB-F60A859C1535}
	EndGlobalSection
	GlobalSection(ExtensibilityGlobals) = postSolution
		SolutionGuid = {4E5E62F7-B94C-415C-82CE-0E860BE8209B}
	EndGlobalSection
EndGlobal
